
Microsoft Visual Studio Solution File, Format Version 12.00
# Visual Studio Version 16
VisualStudioVersion = 16.0.30907.101
MinimumVisualStudioVersion = 10.0.40219.1
Project("{FAE04EC0-301F-11D3-BF4B-00C04F79EFBC}") = "GameIntro", "GameIntro\GameIntro.csproj", "{EA9EB869-0AFE-4037-82A8-7F9B653D11B8}"
EndProject
Global
	GlobalSection(SolutionConfigurationPlatforms) = preSolution
		Debug|Any CPU = Debug|Any CPU
		Release|Any CPU = Release|Any CPU
	EndGlobalSection
	GlobalSection(ProjectConfigurationPlatforms) = postSolution
		{EA9EB869-0AFE-4037-82A8-7F9B653D11B8}.Debug|Any CPU.ActiveCfg = Debug|Any CPU
		{EA9EB869-0AFE-4037-82A8-7F9B653D11B8}.Debug|Any CPU.Build.0 = Debug|Any CPU
		{EA9EB869-0AFE-4037-82A8-7F9B653D11B8}.Release|Any CPU.ActiveCfg = Release|Any CPU
		{EA9EB869-0AFE-4037-82A8-7F9B653D11B8}.Release|Any CPU.Build.0 = Release|Any CPU
	EndGlobalSection
	GlobalSection(SolutionProperties) = preSolution
		HideSolutionNode = FALSE
	EndGlobalSection
	GlobalSection(ExtensibilityGlobals) = postSolution
		SolutionGuid = {6987341E-5132-4D71-8669-B7ADB6208420}
	EndGlobalSection
EndGlobal
